
Microsoft Visual Studio Solution File, Format Version 12.00
# Visual Studio Version 16
VisualStudioVersion = 16.0.30907.101
MinimumVisualStudioVersion = 10.0.40219.1
Project("{FAE04EC0-301F-11D3-BF4B-00C04F79EFBC}") = "WSVenta", "WSVenta\WSVenta.csproj", "{60365432-2448-40B8-A5F1-5642EB8ECABC}"
EndProject
Global
	GlobalSection(SolutionConfigurationPlatforms) = preSolution
		Debug|Any CPU = Debug|Any CPU
		Release|Any CPU = Release|Any CPU
	EndGlobalSection
	GlobalSection(ProjectConfigurationPlatforms) = postSolution
		{60365432-2448-40B8-A5F1-5642EB8ECABC}.Debug|Any CPU.ActiveCfg = Debug|Any CPU
		{60365432-2448-40B8-A5F1-5642EB8ECABC}.Debug|Any CPU.Build.0 = Debug|Any CPU
		{60365432-2448-40B8-A5F1-5642EB8ECABC}.Release|Any CPU.ActiveCfg = Release|Any CPU
		{60365432-2448-40B8-A5F1-5642EB8ECABC}.Release|Any CPU.Build.0 = Release|Any CPU
	EndGlobalSection
	GlobalSection(SolutionProperties) = preSolution
		HideSolutionNode = FALSE
	EndGlobalSection
	GlobalSection(ExtensibilityGlobals) = postSolution
		SolutionGuid = {78B664F3-702B-4EF2-A554-931A2025790C}
	EndGlobalSection
EndGlobal
